
Microsoft Visual Studio Solution File, Format Version 12.00
# Visual Studio Version 16
VisualStudioVersion = 16.0.30128.74
MinimumVisualStudioVersion = 10.0.40219.1
Project("{FAE04EC0-301F-11D3-BF4B-00C04F79EFBC}") = "PromotionEngine", "PromotionEngine\PromotionEngine.csproj", "{9EEF26A0-5056-4629-87A6-6765B23446AA}"
EndProject
Project("{FAE04EC0-301F-11D3-BF4B-00C04F79EFBC}") = "PromotionEngineTests", "PromotionEngineTests\PromotionEngineTests.csproj", "{B529B50F-BA03-4B92-86C1-94D6E6C4030D}"
EndProject
Global
	GlobalSection(SolutionConfigurationPlatforms) = preSolution
		Debug|Any CPU = Debug|Any CPU
		Release|Any CPU = Release|Any CPU
	EndGlobalSection
	GlobalSection(ProjectConfigurationPlatforms) = postSolution
		{9EEF26A0-5056-4629-87A6-6765B23446AA}.Debug|Any CPU.ActiveCfg = Debug|Any CPU
		{9EEF26A0-5056-4629-87A6-6765B23446AA}.Debug|Any CPU.Build.0 = Debug|Any CPU
		{9EEF26A0-5056-4629-87A6-6765B23446AA}.Release|Any CPU.ActiveCfg = Release|Any CPU
		{9EEF26A0-5056-4629-87A6-6765B23446AA}.Release|Any CPU.Build.0 = Release|Any CPU
		{B529B50F-BA03-4B92-86C1-94D6E6C4030D}.Debug|Any CPU.ActiveCfg = Debug|Any CPU
		{B529B50F-BA03-4B92-86C1-94D6E6C4030D}.Debug|Any CPU.Build.0 = Debug|Any CPU
		{B529B50F-BA03-4B92-86C1-94D6E6C4030D}.Release|Any CPU.ActiveCfg = Release|Any CPU
		{B529B50F-BA03-4B92-86C1-94D6E6C4030D}.Release|Any CPU.Build.0 = Release|Any CPU
	EndGlobalSection
	GlobalSection(SolutionProperties) = preSolution
		HideSolutionNode = FALSE
	EndGlobalSection
	GlobalSection(ExtensibilityGlobals) = postSolution
		SolutionGuid = {9588EBF5-94A4-428D-BE1C-CB5A83079024}
	EndGlobalSection
EndGlobal
